
Microsoft Visual Studio Solution File, Format Version 12.00
# Visual Studio Version 17
VisualStudioVersion = 17.5.002.0
MinimumVisualStudioVersion = 10.0.40219.1
Project("{9A19103F-16F7-4668-BE54-9A1E7A4F7556}") = "WizardStoreAPI", "WizardStoreAPI.csproj", "{CAE2E79E-7D63-4AF4-B38A-345746D1D990}"
EndProject
Global
	GlobalSection(SolutionConfigurationPlatforms) = preSolution
		Debug|Any CPU = Debug|Any CPU
		Release|Any CPU = Release|Any CPU
	EndGlobalSection
	GlobalSection(ProjectConfigurationPlatforms) = postSolution
		{CAE2E79E-7D63-4AF4-B38A-345746D1D990}.Debug|Any CPU.ActiveCfg = Debug|Any CPU
		{CAE2E79E-7D63-4AF4-B38A-345746D1D990}.Debug|Any CPU.Build.0 = Debug|Any CPU
		{CAE2E79E-7D63-4AF4-B38A-345746D1D990}.Release|Any CPU.ActiveCfg = Release|Any CPU
		{CAE2E79E-7D63-4AF4-B38A-345746D1D990}.Release|Any CPU.Build.0 = Release|Any CPU
	EndGlobalSection
	GlobalSection(SolutionProperties) = preSolution
		HideSolutionNode = FALSE
	EndGlobalSection
	GlobalSection(ExtensibilityGlobals) = postSolution
		SolutionGuid = {EE2E1E76-D733-4905-8F8F-12DF31BBD1DC}
	EndGlobalSection
EndGlobal
